
Microsoft Visual Studio Solution File, Format Version 12.00
# Visual Studio 15
VisualStudioVersion = 15.0.26730.12
MinimumVisualStudioVersion = 10.0.40219.1
Project("{FAE04EC0-301F-11D3-BF4B-00C04F79EFBC}") = "MonadsInCSharp", "MonadsInCSharp\MonadsInCSharp.csproj", "{AD938EE1-C941-493B-83EC-583D537C014B}"
EndProject
Global
	GlobalSection(SolutionConfigurationPlatforms) = preSolution
		Debug|Any CPU = Debug|Any CPU
		Release|Any CPU = Release|Any CPU
	EndGlobalSection
	GlobalSection(ProjectConfigurationPlatforms) = postSolution
		{AD938EE1-C941-493B-83EC-583D537C014B}.Debug|Any CPU.ActiveCfg = Debug|Any CPU
		{AD938EE1-C941-493B-83EC-583D537C014B}.Debug|Any CPU.Build.0 = Debug|Any CPU
		{AD938EE1-C941-493B-83EC-583D537C014B}.Release|Any CPU.ActiveCfg = Release|Any CPU
		{AD938EE1-C941-493B-83EC-583D537C014B}.Release|Any CPU.Build.0 = Release|Any CPU
	EndGlobalSection
	GlobalSection(SolutionProperties) = preSolution
		HideSolutionNode = FALSE
	EndGlobalSection
	GlobalSection(ExtensibilityGlobals) = postSolution
		SolutionGuid = {BF0F8763-6019-4045-80E6-F6C239F074A6}
	EndGlobalSection
EndGlobal
